# THIS IS AN AUTOGENERATED FILE. DO NOT EDIT THIS FILE DIRECTLY.
# yarn lockfile v1


"@lespantsfancy/agency@^0.1.1":
  version "0.1.2"
  resolved "https://registry.yarnpkg.com/@lespantsfancy/agency/-/agency-0.1.2.tgz#b712ef8448b1b8b4479c800d59c710b258e07f1c"
  integrity sha512-hmNjPUYXa9mTjYmdc3eQXooymeNQ6zMn7IGCXYo8dM9hSfW+q5BC16XqU5L2un7VtYfPOptkE7B0MdesXpg6IQ==
  dependencies:
    esm "^3.2.25"
    object-hash "^2.1.1"
    uuid "^8.3.2"

esm@^3.2.25:
  version "3.2.25"
  resolved "https://registry.yarnpkg.com/esm/-/esm-3.2.25.tgz#342c18c29d56157688ba5ce31f8431fbb795cc10"
  integrity sha512-U1suiZ2oDVWv4zPO56S0NcR5QriEahGtdN2OR6FiOG4WJvcjBVFB0qI4+eKoWFH483PKGuLuu6V8Z4T5g63UVA==

object-hash@^2.1.1:
  version "2.1.1"
  resolved "https://registry.yarnpkg.com/object-hash/-/object-hash-2.1.1.tgz#9447d0279b4fcf80cff3259bf66a1dc73afabe09"
  integrity sha512-VOJmgmS+7wvXf8CjbQmimtCnEx3IAoLxI3fp2fbWehxrWBcAQFbk+vcwb6vzR0VZv/eNCJ/27j151ZTwqW/JeQ==

uuid@^8.3.2:
  version "8.3.2"
  resolved "https://registry.yarnpkg.com/uuid/-/uuid-8.3.2.tgz#80d5b5ced271bb9af6c445f21a1a04c606cefbe2"
  integrity sha512-+NYs2QeMWy+GWFOEm9xnn6HCDp0l7QBD7ml8zLUmJ+93Q5NF0NocErnwkTkXVFNiX3/fpC6afS8Dhb/gz7R7eg==
