# THIS IS AN AUTOGENERATED FILE. DO NOT EDIT THIS FILE DIRECTLY.
# yarn lockfile v1


"@lespantsfancy/agency@^0.7.36":
  version "0.7.36"
  resolved "https://registry.yarnpkg.com/@lespantsfancy/agency/-/agency-0.7.36.tgz#5a392994fd65f78c99653fba69f6c03aca9c87a6"
  integrity sha512-uh+kWs3BAOZtTFzLwjosHEnPogAgsRBoiU89ZccUYk+yhXMP17KGdRfKv2zEXGlOQBsN7B6+X0gBesF2ZMTDOA==
  dependencies:
    esm "^3.2.25"
    is-base64 "^1.1.0"
    mainloop.js "^1.0.4"
    node-fetch "^2.6.1"
    uuid "^8.3.2"

esm@^3.2.25:
  version "3.2.25"
  resolved "https://registry.yarnpkg.com/esm/-/esm-3.2.25.tgz#342c18c29d56157688ba5ce31f8431fbb795cc10"
  integrity sha512-U1suiZ2oDVWv4zPO56S0NcR5QriEahGtdN2OR6FiOG4WJvcjBVFB0qI4+eKoWFH483PKGuLuu6V8Z4T5g63UVA==

is-base64@^1.1.0:
  version "1.1.0"
  resolved "https://registry.yarnpkg.com/is-base64/-/is-base64-1.1.0.tgz#8ce1d719895030a457c59a7dcaf39b66d99d56b4"
  integrity sha512-Nlhg7Z2dVC4/PTvIFkgVVNvPHSO2eR/Yd0XzhGiXCXEvWnptXlXa/clQ8aePPiMuxEGcWfzWbGw2Fe3d+Y3v1g==

mainloop.js@^1.0.4:
  version "1.0.4"
  resolved "https://registry.yarnpkg.com/mainloop.js/-/mainloop.js-1.0.4.tgz#4cc3f1e7a57e4a718de397884a59063c42913e87"
  integrity sha1-TMPx56V+SnGN45eISlkGPEKRPoc=

node-fetch@^2.6.1:
  version "2.6.1"
  resolved "https://registry.yarnpkg.com/node-fetch/-/node-fetch-2.6.1.tgz#045bd323631f76ed2e2b55573394416b639a0052"
  integrity sha512-V4aYg89jEoVRxRb2fJdAg8FHvI7cEyYdVAh94HH0UIK8oJxUfkjlDQN9RbMx+bEjP7+ggMiFRprSti032Oipxw==

uuid@^8.3.2:
  version "8.3.2"
  resolved "https://registry.yarnpkg.com/uuid/-/uuid-8.3.2.tgz#80d5b5ced271bb9af6c445f21a1a04c606cefbe2"
  integrity sha512-+NYs2QeMWy+GWFOEm9xnn6HCDp0l7QBD7ml8zLUmJ+93Q5NF0NocErnwkTkXVFNiX3/fpC6afS8Dhb/gz7R7eg==
